
Microsoft Visual Studio Solution File, Format Version 12.00
# Visual Studio Version 17
VisualStudioVersion = 17.8.34322.80
MinimumVisualStudioVersion = 10.0.40219.1
Project("{FAE04EC0-301F-11D3-BF4B-00C04F79EFBC}") = "rlegardaDeber2", "rlegardaDeber2\rlegardaDeber2.csproj", "{ACAE3B49-CC3E-4B58-84A2-FC8C722ED979}"
EndProject
Global
	GlobalSection(SolutionConfigurationPlatforms) = preSolution
		Debug|Any CPU = Debug|Any CPU
		Release|Any CPU = Release|Any CPU
	EndGlobalSection
	GlobalSection(ProjectConfigurationPlatforms) = postSolution
		{ACAE3B49-CC3E-4B58-84A2-FC8C722ED979}.Debug|Any CPU.ActiveCfg = Debug|Any CPU
		{ACAE3B49-CC3E-4B58-84A2-FC8C722ED979}.Debug|Any CPU.Build.0 = Debug|Any CPU
		{ACAE3B49-CC3E-4B58-84A2-FC8C722ED979}.Debug|Any CPU.Deploy.0 = Debug|Any CPU
		{ACAE3B49-CC3E-4B58-84A2-FC8C722ED979}.Release|Any CPU.ActiveCfg = Release|Any CPU
		{ACAE3B49-CC3E-4B58-84A2-FC8C722ED979}.Release|Any CPU.Build.0 = Release|Any CPU
		{ACAE3B49-CC3E-4B58-84A2-FC8C722ED979}.Release|Any CPU.Deploy.0 = Release|Any CPU
	EndGlobalSection
	GlobalSection(SolutionProperties) = preSolution
		HideSolutionNode = FALSE
	EndGlobalSection
	GlobalSection(ExtensibilityGlobals) = postSolution
		SolutionGuid = {45E29BF9-B51D-4C8A-955B-A2E46931BF6C}
	EndGlobalSection
EndGlobal
